PODS:
  - Amplitude (7.0.1)
  - Analytics (4.1.5)
  - Flutter (1.0.0)
  - flutter_segment (0.0.1):
    - Analytics (= 4.1.5)
    - Flutter
    - Segment-Amplitude (= 3.2.4)
  - Segment-Amplitude (3.2.4):
    - Amplitude (~> 7.0.1)
    - Analytics

DEPENDENCIES:
  - Flutter (from `Flutter`)
  - flutter_segment (from `.symlinks/plugins/flutter_segment/ios`)

SPEC REPOS:
  trunk:
    - Amplitude
    - Analytics
    - Segment-Amplitude

EXTERNAL SOURCES:
  Flutter:
    :path: Flutter
  flutter_segment:
    :path: ".symlinks/plugins/flutter_segment/ios"

SPEC CHECKSUMS:
  Amplitude: 31a9038dca905b78294418ed277da9c2e07658ad
  Analytics: 084a3edda6517e308007c1a7810b8f1e8f2925aa
  Flutter: 50d75fe2f02b26cc09d224853bb45737f8b3214a
  flutter_segment: 4f8f0534b57ee0119bcb2df79abf6c7b96f1d0be
  Segment-Amplitude: f75f5fd7ba25f95914a4e93139c0a1737d17e44f

PODFILE CHECKSUM: a5ead389ae8478b2f010fbadad4f103eae9ff09f

COCOAPODS: 1.10.1
